Microsoft Visual Studio Solution File, Format Version 12.00
# Visual Studio Version 17
VisualStudioVersion = 17.5.2.0
MinimumVisualStudioVersion = 10.0.40219.1
Project("{2150E333-8FDC-42A3-9474-1A3956D46DE8}") = "lab2", "lab2", "{5C42C7CA-ADAE-0159-8BF5-5EB6C7A325EF}"
EndProject
Project("{2150E333-8FDC-42A3-9474-1A3956D46DE8}") = "lab1", "lab1", "{ED13059D-E407-5174-3886-4FD5BEA505AB}"
EndProject
Project("{2150E333-8FDC-42A3-9474-1A3956D46DE8}") = "lab3", "lab3", "{87B7E9C9-4035-1DCE-E58D-63E422A029CF}"
EndProject
Project("{2150E333-8FDC-42A3-9474-1A3956D46DE8}") = "lab4", "lab4", "{A27D918D-BA35-9B07-9085-4B619D49ED1B}"
EndProject
Project("{2150E333-8FDC-42A3-9474-1A3956D46DE8}") = "task1", "task1", "{ABBC6A51-3504-80DA-68BB-1D03835F791F}"
EndProject
Project("{FAE04EC0-301F-11D3-BF4B-00C04F79EFBC}") = "cs", "lab2\task1\cs\cs.csproj", "{25C59215-9C84-F1E6-9CDE-635168DECF3D}"
EndProject
Project("{2150E333-8FDC-42A3-9474-1A3956D46DE8}") = "task2", "task2", "{A78C6DB8-3658-E2E1-BB06-1D408D7EF2FB}"
EndProject
Project("{FAE04EC0-301F-11D3-BF4B-00C04F79EFBC}") = "cs", "lab2\task2\cs\cs.csproj", "{643E0989-E858-E020-4D84-406A5D5E0D44}"
EndProject
Project("{2150E333-8FDC-42A3-9474-1A3956D46DE8}") = "task1", "task1", "{E6887D84-692D-2152-D4DF-8D6E2D863729}"
EndProject
Project("{FAE04EC0-301F-11D3-BF4B-00C04F79EFBC}") = "lab1cs", "lab1\task1\cs\lab1cs.csproj", "{9B27DA54-8673-66E6-FB14-14E18E06AABD}"
EndProject
Project("{2150E333-8FDC-42A3-9474-1A3956D46DE8}") = "task2", "task2", "{3C695121-B289-C3DC-ED61-D894622E5A33}"
EndProject
Project("{FAE04EC0-301F-11D3-BF4B-00C04F79EFBC}") = "cs", "lab1\task2\cs\cs.csproj", "{E35B3717-431F-40B1-A80D-E2B528840EC4}"
EndProject
Project("{2150E333-8FDC-42A3-9474-1A3956D46DE8}") = "task1", "task1", "{B521BF78-7779-3657-1C09-C7F4AEADB37D}"
EndProject
Project("{FAE04EC0-301F-11D3-BF4B-00C04F79EFBC}") = "cs", "lab3\task1\cs\cs.csproj", "{D10398BF-CDA9-5B02-4CDF-1041B5ECBB89}"
EndProject
Project("{2150E333-8FDC-42A3-9474-1A3956D46DE8}") = "task2", "task2", "{CD4C9D0C-A932-BBE8-C197-16B74618A16D}"
EndProject
Project("{FAE04EC0-301F-11D3-BF4B-00C04F79EFBC}") = "cs", "lab3\task2\cs\cs.csproj", "{A79C2CD4-1296-168D-5719-8B77BB292402}"
EndProject
Project("{2150E333-8FDC-42A3-9474-1A3956D46DE8}") = "task1", "task1", "{0C0FE692-27CA-F85A-81FD-529CB524F458}"
EndProject
Project("{FAE04EC0-301F-11D3-BF4B-00C04F79EFBC}") = "cs", "lab4\task1\cs\cs.csproj", "{E505842E-BF68-C778-04C2-7B12FD7C34CE}"
EndProject
Global
	GlobalSection(SolutionConfigurationPlatforms) = preSolution
		Debug|Any CPU = Debug|Any CPU
		Release|Any CPU = Release|Any CPU
	EndGlobalSection
	GlobalSection(ProjectConfigurationPlatforms) = postSolution
		{25C59215-9C84-F1E6-9CDE-635168DECF3D}.Debug|Any CPU.ActiveCfg = Debug|Any CPU
		{25C59215-9C84-F1E6-9CDE-635168DECF3D}.Debug|Any CPU.Build.0 = Debug|Any CPU
		{25C59215-9C84-F1E6-9CDE-635168DECF3D}.Release|Any CPU.ActiveCfg = Release|Any CPU
		{25C59215-9C84-F1E6-9CDE-635168DECF3D}.Release|Any CPU.Build.0 = Release|Any CPU
		{643E0989-E858-E020-4D84-406A5D5E0D44}.Debug|Any CPU.ActiveCfg = Debug|Any CPU
		{643E0989-E858-E020-4D84-406A5D5E0D44}.Debug|Any CPU.Build.0 = Debug|Any CPU
		{643E0989-E858-E020-4D84-406A5D5E0D44}.Release|Any CPU.ActiveCfg = Release|Any CPU
		{643E0989-E858-E020-4D84-406A5D5E0D44}.Release|Any CPU.Build.0 = Release|Any CPU
		{9B27DA54-8673-66E6-FB14-14E18E06AABD}.Debug|Any CPU.ActiveCfg = Debug|Any CPU
		{9B27DA54-8673-66E6-FB14-14E18E06AABD}.Debug|Any CPU.Build.0 = Debug|Any CPU
		{9B27DA54-8673-66E6-FB14-14E18E06AABD}.Release|Any CPU.ActiveCfg = Release|Any CPU
		{9B27DA54-8673-66E6-FB14-14E18E06AABD}.Release|Any CPU.Build.0 = Release|Any CPU
		{E35B3717-431F-40B1-A80D-E2B528840EC4}.Debug|Any CPU.ActiveCfg = Debug|Any CPU
		{E35B3717-431F-40B1-A80D-E2B528840EC4}.Debug|Any CPU.Build.0 = Debug|Any CPU
		{E35B3717-431F-40B1-A80D-E2B528840EC4}.Release|Any CPU.ActiveCfg = Release|Any CPU
		{E35B3717-431F-40B1-A80D-E2B528840EC4}.Release|Any CPU.Build.0 = Release|Any CPU
		{D10398BF-CDA9-5B02-4CDF-1041B5ECBB89}.Debug|Any CPU.ActiveCfg = Debug|Any CPU
		{D10398BF-CDA9-5B02-4CDF-1041B5ECBB89}.Debug|Any CPU.Build.0 = Debug|Any CPU
		{D10398BF-CDA9-5B02-4CDF-1041B5ECBB89}.Release|Any CPU.ActiveCfg = Release|Any CPU
		{D10398BF-CDA9-5B02-4CDF-1041B5ECBB89}.Release|Any CPU.Build.0 = Release|Any CPU
		{A79C2CD4-1296-168D-5719-8B77BB292402}.Debug|Any CPU.ActiveCfg = Debug|Any CPU
		{A79C2CD4-1296-168D-5719-8B77BB292402}.Debug|Any CPU.Build.0 = Debug|Any CPU
		{A79C2CD4-1296-168D-5719-8B77BB292402}.Release|Any CPU.ActiveCfg = Release|Any CPU
		{A79C2CD4-1296-168D-5719-8B77BB292402}.Release|Any CPU.Build.0 = Release|Any CPU
		{E505842E-BF68-C778-04C2-7B12FD7C34CE}.Debug|Any CPU.ActiveCfg = Debug|Any CPU
		{E505842E-BF68-C778-04C2-7B12FD7C34CE}.Debug|Any CPU.Build.0 = Debug|Any CPU
		{E505842E-BF68-C778-04C2-7B12FD7C34CE}.Release|Any CPU.ActiveCfg = Release|Any CPU
		{E505842E-BF68-C778-04C2-7B12FD7C34CE}.Release|Any CPU.Build.0 = Release|Any CPU
	EndGlobalSection
	GlobalSection(SolutionProperties) = preSolution
		HideSolutionNode = FALSE
	EndGlobalSection
	GlobalSection(NestedProjects) = preSolution
		{ABBC6A51-3504-80DA-68BB-1D03835F791F} = {5C42C7CA-ADAE-0159-8BF5-5EB6C7A325EF}
		{25C59215-9C84-F1E6-9CDE-635168DECF3D} = {ABBC6A51-3504-80DA-68BB-1D03835F791F}
		{A78C6DB8-3658-E2E1-BB06-1D408D7EF2FB} = {5C42C7CA-ADAE-0159-8BF5-5EB6C7A325EF}
		{643E0989-E858-E020-4D84-406A5D5E0D44} = {A78C6DB8-3658-E2E1-BB06-1D408D7EF2FB}
		{E6887D84-692D-2152-D4DF-8D6E2D863729} = {ED13059D-E407-5174-3886-4FD5BEA505AB}
		{9B27DA54-8673-66E6-FB14-14E18E06AABD} = {E6887D84-692D-2152-D4DF-8D6E2D863729}
		{3C695121-B289-C3DC-ED61-D894622E5A33} = {ED13059D-E407-5174-3886-4FD5BEA505AB}
		{E35B3717-431F-40B1-A80D-E2B528840EC4} = {3C695121-B289-C3DC-ED61-D894622E5A33}
		{B521BF78-7779-3657-1C09-C7F4AEADB37D} = {87B7E9C9-4035-1DCE-E58D-63E422A029CF}
		{D10398BF-CDA9-5B02-4CDF-1041B5ECBB89} = {B521BF78-7779-3657-1C09-C7F4AEADB37D}
		{CD4C9D0C-A932-BBE8-C197-16B74618A16D} = {87B7E9C9-4035-1DCE-E58D-63E422A029CF}
		{A79C2CD4-1296-168D-5719-8B77BB292402} = {CD4C9D0C-A932-BBE8-C197-16B74618A16D}
		{0C0FE692-27CA-F85A-81FD-529CB524F458} = {A27D918D-BA35-9B07-9085-4B619D49ED1B}
		{E505842E-BF68-C778-04C2-7B12FD7C34CE} = {0C0FE692-27CA-F85A-81FD-529CB524F458}
	EndGlobalSection
	GlobalSection(ExtensibilityGlobals) = postSolution
		SolutionGuid = {09AED832-2433-4DA5-8F49-8448681C82AE}
	EndGlobalSection
EndGlobal
